// !$*UTF8*$!
{
	archiveVersion = 1;
	classes = {
	};
	objectVersion = 46;
	objects = {

/* Begin PBXBuildFile section */
		FB6CB6D7158FD093001F6D61 /* test.enc in Resources */ = {isa = PBXBuildFile; fileRef = FB6CB6D6158FD093001F6D61 /* test.enc */; };
		FB7564F41512D3C4007B806B /* Foundation.framework in Frameworks */ = {isa = PBXBuildFile; fileRef = FB7564F31512D3C4007B806B /* Foundation.framework */; };
		FB7565021512D3C4007B806B /* SenTestingKit.framework in Frameworks */ = {isa = PBXBuildFile; fileRef = FB7565011512D3C4007B806B /* SenTestingKit.framework */; };
		FB7565051512D3C4007B806B /* Foundation.framework in Frameworks */ = {isa = PBXBuildFile; fileRef = FB7564F31512D3C4007B806B /* Foundation.framework */; };
		FB7565081512D3C4007B806B /* libRNCryptor.a in Frameworks */ = {isa = PBXBuildFile; fileRef = FB7564F01512D3C4007B806B /* libRNCryptor.a */; };
		FB75650E1512D3C4007B806B /* InfoPlist.strings in Resources */ = {isa = PBXBuildFile; fileRef = FB75650C1512D3C4007B806B /* InfoPlist.strings */; };
		FB7565111512D3C5007B806B /* RNCryptorTests.m in Sources */ = {isa = PBXBuildFile; fileRef = FB7565101512D3C5007B806B /* RNCryptorTests.m */; };
		FB75651D1512D3E9007B806B /* RNCryptor.m in Sources */ = {isa = PBXBuildFile; fileRef = FB75651B1512D3E9007B806B /* RNCryptor.m */; };
		FB75651F1512D7F8007B806B /* RNCryptor.h in Headers */ = {isa = PBXBuildFile; fileRef = FB75651A1512D3E9007B806B /* RNCryptor.h */; settings = {ATTRIBUTES = (Public, ); }; };
		FB7565241512D9BE007B806B /* Security.framework in Frameworks */ = {isa = PBXBuildFile; fileRef = FB7565221512D9A8007B806B /* Security.framework */; };
		FB7565241512D9BE007B806D /* RNOpenSSLCryptor.m in Sources */ = {isa = PBXBuildFile; fileRef = FB7565241512D9BE007B806C /* RNOpenSSLCryptor.m */; };
		FB7565241512D9BE007B806F /* RNOpenSSLCryptor.h in Headers */ = {isa = PBXBuildFile; fileRef = FB7565241512D9BE007B806E /* RNOpenSSLCryptor.h */; settings = {ATTRIBUTES = (Public, ); }; };
/* End PBXBuildFile section */

/* Begin PBXContainerItemProxy section */
		FB7565061512D3C4007B806B /* PBXContainerItemProxy */ = {
			isa = PBXContainerItemProxy;
			containerPortal = FB7564E71512D3C4007B806B /* Project object */;
			proxyType = 1;
			remoteGlobalIDString = FB7564EF1512D3C4007B806B;
			remoteInfo = RNCrypt;
		};
/* End PBXContainerItemProxy section */

/* Begin PBXFileReference section */
		FB6CB6D6158FD093001F6D61 /* test.enc */ = {isa = PBXFileReference; fileEncoding = 4; lastKnownFileType = text; path = test.enc; sourceTree = "<group>"; };
		FB7564F01512D3C4007B806B /* libRNCryptor.a */ = {isa = PBXFileReference; explicitFileType = archive.ar; includeInIndex = 0; path = libRNCryptor.a; sourceTree = BUILT_PRODUCTS_DIR; };
		FB7564F31512D3C4007B806B /* Foundation.framework */ = {isa = PBXFileReference; lastKnownFileType = wrapper.framework; name = Foundation.framework; path = System/Library/Frameworks/Foundation.framework; sourceTree = SDKROOT; };
		FB7564F71512D3C4007B806B /* RNCryptor-Prefix.pch */ = {isa = PBXFileReference; lastKnownFileType = sourcecode.c.h; path = "RNCryptor-Prefix.pch"; sourceTree = "<group>"; };
		FB7565001512D3C4007B806B /* RNCryptorTests.octest */ = {isa = PBXFileReference; explicitFileType = wrapper.cfbundle; includeInIndex = 0; path = RNCryptorTests.octest; sourceTree = BUILT_PRODUCTS_DIR; };
		FB7565011512D3C4007B806B /* SenTestingKit.framework */ = {isa = PBXFileReference; lastKnownFileType = wrapper.framework; name = SenTestingKit.framework; path = Library/Frameworks/SenTestingKit.framework; sourceTree = DEVELOPER_DIR; };
		FB75650B1512D3C4007B806B /* RNCryptorTests-Info.plist */ = {isa = PBXFileReference; lastKnownFileType = text.plist.xml; path = "RNCryptorTests-Info.plist"; sourceTree = "<group>"; };
		FB75650D1512D3C4007B806B /* en */ = {isa = PBXFileReference; lastKnownFileType = text.plist.strings; name = en; path = en.lproj/InfoPlist.strings; sourceTree = "<group>"; };
		FB75650F1512D3C4007B806B /* RNCryptorTests.h */ = {isa = PBXFileReference; lastKnownFileType = sourcecode.c.h; path = RNCryptorTests.h; sourceTree = "<group>"; };
		FB7565101512D3C5007B806B /* RNCryptorTests.m */ = {isa = PBXFileReference; lastKnownFileType = sourcecode.c.objc; path = RNCryptorTests.m; sourceTree = "<group>"; };
		FB75651A1512D3E9007B806B /* RNCryptor.h */ = {isa = PBXFileReference; fileEncoding = 4; lastKnownFileType = sourcecode.c.h; path = RNCryptor.h; sourceTree = "<group>"; };
		FB75651B1512D3E9007B806B /* RNCryptor.m */ = {isa = PBXFileReference; fileEncoding = 4; lastKnownFileType = sourcecode.c.objc; path = RNCryptor.m; sourceTree = "<group>"; };
		FB7565221512D9A8007B806B /* Security.framework */ = {isa = PBXFileReference; lastKnownFileType = wrapper.framework; name = Security.framework; path = System/Library/Frameworks/Security.framework; sourceTree = SDKROOT; };
		FB7565241512D9BE007B806C /* RNOpenSSLCryptor.m */ = {isa = PBXFileReference; fileEncoding = 4; lastKnownFileType = sourcecode.c.objc; path = RNOpenSSLCryptor.m; sourceTree = "<group>"; };
		FB7565241512D9BE007B806E /* RNOpenSSLCryptor.h */ = {isa = PBXFileReference; fileEncoding = 4; lastKnownFileType = sourcecode.c.h; path = RNOpenSSLCryptor.h; sourceTree = "<group>"; };
/* End PBXFileReference section */

/* Begin PBXFrameworksBuildPhase section */
		FB7564ED1512D3C4007B806B /* Frameworks */ = {
			isa = PBXFrameworksBuildPhase;
			buildActionMask = 2147483647;
			files = (
				FB7564F41512D3C4007B806B /* Foundation.framework in Frameworks */,
			);
			runOnlyForDeploymentPostprocessing = 0;
		};
		FB7564FC1512D3C4007B806B /* Frameworks */ = {
			isa = PBXFrameworksBuildPhase;
			buildActionMask = 2147483647;
			files = (
				FB7565021512D3C4007B806B /* SenTestingKit.framework in Frameworks */,
				FB7565051512D3C4007B806B /* Foundation.framework in Frameworks */,
				FB7565081512D3C4007B806B /* libRNCryptor.a in Frameworks */,
				FB7565241512D9BE007B806B /* Security.framework in Frameworks */,
			);
			runOnlyForDeploymentPostprocessing = 0;
		};
/* End PBXFrameworksBuildPhase section */

/* Begin PBXGroup section */
		FB7564E51512D3C4007B806B = {
			isa = PBXGroup;
			children = (
				FB7564F51512D3C4007B806B /* RNCryptor */,
				FB7565091512D3C4007B806B /* RNCryptorTests */,
				FB7564F21512D3C4007B806B /* Frameworks */,
				FB7564F11512D3C4007B806B /* Products */,
			);
			sourceTree = "<group>";
		};
		FB7564F11512D3C4007B806B /* Products */ = {
			isa = PBXGroup;
			children = (
				FB7564F01512D3C4007B806B /* libRNCryptor.a */,
				FB7565001512D3C4007B806B /* RNCryptorTests.octest */,
			);
			name = Products;
			sourceTree = "<group>";
		};
		FB7564F21512D3C4007B806B /* Frameworks */ = {
			isa = PBXGroup;
			children = (
				FB7565221512D9A8007B806B /* Security.framework */,
				FB7564F31512D3C4007B806B /* Foundation.framework */,
				FB7565011512D3C4007B806B /* SenTestingKit.framework */,
			);
			name = Frameworks;
			sourceTree = "<group>";
		};
		FB7564F51512D3C4007B806B /* RNCryptor */ = {
			isa = PBXGroup;
			children = (
				FB7565241512D9BE007B806E /* RNOpenSSLCryptor.h */,
				FB7565241512D9BE007B806C /* RNOpenSSLCryptor.m */,
				FB75651A1512D3E9007B806B /* RNCryptor.h */,
				FB75651B1512D3E9007B806B /* RNCryptor.m */,
				FB7564F61512D3C4007B806B /* Supporting Files */,
			);
			path = RNCryptor;
			sourceTree = "<group>";
		};
		FB7564F61512D3C4007B806B /* Supporting Files */ = {
			isa = PBXGroup;
			children = (
				FB7564F71512D3C4007B806B /* RNCryptor-Prefix.pch */,
			);
			name = "Supporting Files";
			sourceTree = "<group>";
		};
		FB7565091512D3C4007B806B /* RNCryptorTests */ = {
			isa = PBXGroup;
			children = (
				FB75650F1512D3C4007B806B /* RNCryptorTests.h */,
				FB7565101512D3C5007B806B /* RNCryptorTests.m */,
				FB75650A1512D3C4007B806B /* Supporting Files */,
			);
			path = RNCryptorTests;
			sourceTree = "<group>";
		};
		FB75650A1512D3C4007B806B /* Supporting Files */ = {
			isa = PBXGroup;
			children = (
				FB6CB6D6158FD093001F6D61 /* test.enc */,
				FB75650B1512D3C4007B806B /* RNCryptorTests-Info.plist */,
				FB75650C1512D3C4007B806B /* InfoPlist.strings */,
			);
			name = "Supporting Files";
			sourceTree = "<group>";
		};
/* End PBXGroup section */

/* Begin PBXHeadersBuildPhase section */
		FB7564EE1512D3C4007B806B /* Headers */ = {
			isa = PBXHeadersBuildPhase;
			buildActionMask = 2147483647;
			files = (
				FB75651F1512D7F8007B806B /* RNCryptor.h in Headers */,
				FB7565241512D9BE007B806F /* RNOpenSSLCryptor.h in Headers */,
			);
			runOnlyForDeploymentPostprocessing = 0;
		};
/* End PBXHeadersBuildPhase section */

/* Begin PBXNativeTarget section */
		FB7564EF1512D3C4007B806B /* RNCryptor */ = {
			isa = PBXNativeTarget;
			buildConfigurationList = FB7565141512D3C5007B806B /* Build configuration list for PBXNativeTarget "RNCryptor" */;
			buildPhases = (
				FB7564EC1512D3C4007B806B /* Sources */,
				FB7564ED1512D3C4007B806B /* Frameworks */,
				FB7564EE1512D3C4007B806B /* Headers */,
			);
			buildRules = (
			);
			dependencies = (
			);
			name = RNCryptor;
			productName = RNCrypt;
			productReference = FB7564F01512D3C4007B806B /* libRNCryptor.a */;
			productType = "com.apple.product-type.library.static";
		};
		FB7564FF1512D3C4007B806B /* RNCryptorTests */ = {
			isa = PBXNativeTarget;
			buildConfigurationList = FB7565171512D3C5007B806B /* Build configuration list for PBXNativeTarget "RNCryptorTests" */;
			buildPhases = (
				FB7564FB1512D3C4007B806B /* Sources */,
				FB7564FC1512D3C4007B806B /* Frameworks */,
				FB7564FD1512D3C4007B806B /* Resources */,
				FB7564FE1512D3C4007B806B /* ShellScript */,
			);
			buildRules = (
			);
			dependencies = (
				FB7565071512D3C4007B806B /* PBXTargetDependency */,
			);
			name = RNCryptorTests;
			productName = RNCryptTests;
			productReference = FB7565001512D3C4007B806B /* RNCryptorTests.octest */;
			productType = "com.apple.product-type.bundle";
		};
/* End PBXNativeTarget section */

/* Begin PBXProject section */
		FB7564E71512D3C4007B806B /* Project object */ = {
			isa = PBXProject;
			attributes = {
				CLASSPREFIX = RN;
				LastUpgradeCheck = 0430;
				ORGANIZATIONNAME = "Rob Napier";
			};
			buildConfigurationList = FB7564EA1512D3C4007B806B /* Build configuration list for PBXProject "RNCryptor" */;
			compatibilityVersion = "Xcode 3.2";
			developmentRegion = English;
			hasScannedForEncodings = 0;
			knownRegions = (
				en,
			);
			mainGroup = FB7564E51512D3C4007B806B;
			productRefGroup = FB7564F11512D3C4007B806B /* Products */;
			projectDirPath = "";
			projectRoot = "";
			targets = (
				FB7564EF1512D3C4007B806B /* RNCryptor */,
				FB7564FF1512D3C4007B806B /* RNCryptorTests */,
			);
		};
/* End PBXProject section */

/* Begin PBXResourcesBuildPhase section */
		FB7564FD1512D3C4007B806B /* Resources */ = {
			isa = PBXResourcesBuildPhase;
			buildActionMask = 2147483647;
			files = (
				FB75650E1512D3C4007B806B /* InfoPlist.strings in Resources */,
				FB6CB6D7158FD093001F6D61 /* test.enc in Resources */,
			);
			runOnlyForDeploymentPostprocessing = 0;
		};
/* End PBXResourcesBuildPhase section */

/* Begin PBXShellScriptBuildPhase section */
		FB7564FE1512D3C4007B806B /* ShellScript */ = {
			isa = PBXShellScriptBuildPhase;
			buildActionMask = 2147483647;
			files = (
			);
			inputPaths = (
			);
			outputPaths = (
			);
			runOnlyForDeploymentPostprocessing = 0;
			shellPath = /bin/sh;
			shellScript = "# Run the unit tests in this test bundle.\n\"${SYSTEM_DEVELOPER_DIR}/Tools/RunUnitTests\"\n";
		};
/* End PBXShellScriptBuildPhase section */

/* Begin PBXSourcesBuildPhase section */
		FB7564EC1512D3C4007B806B /* Sources */ = {
			isa = PBXSourcesBuildPhase;
			buildActionMask = 2147483647;
			files = (
				FB75651D1512D3E9007B806B /* RNCryptor.m in Sources */,
				FB7565241512D9BE007B806D /* RNOpenSSLCryptor.m in Sources */,
			);
			runOnlyForDeploymentPostprocessing = 0;
		};
		FB7564FB1512D3C4007B806B /* Sources */ = {
			isa = PBXSourcesBuildPhase;
			buildActionMask = 2147483647;
			files = (
				FB7565111512D3C5007B806B /* RNCryptorTests.m in Sources */,
			);
			runOnlyForDeploymentPostprocessing = 0;
		};
/* End PBXSourcesBuildPhase section */

/* Begin PBXTargetDependency section */
		FB7565071512D3C4007B806B /* PBXTargetDependency */ = {
			isa = PBXTargetDependency;
			target = FB7564EF1512D3C4007B806B /* RNCryptor */;
			targetProxy = FB7565061512D3C4007B806B /* PBXContainerItemProxy */;
		};
/* End PBXTargetDependency section */

/* Begin PBXVariantGroup section */
		FB75650C1512D3C4007B806B /* InfoPlist.strings */ = {
			isa = PBXVariantGroup;
			children = (
				FB75650D1512D3C4007B806B /* en */,
			);
			name = InfoPlist.strings;
			sourceTree = "<group>";
		};
/* End PBXVariantGroup section */

/* Begin XCBuildConfiguration section */
		FB7565121512D3C5007B806B /* Debug */ = {
			isa = XCBuildConfiguration;
			buildSettings = {
				ALWAYS_SEARCH_USER_PATHS = NO;
				ARCHS = (
					"$(ARCHS_STANDARD_32_BIT)",
					armv6,
				);
				CLANG_ENABLE_OBJC_ARC = YES;
				COPY_PHASE_STRIP = NO;
				GCC_C_LANGUAGE_STANDARD = gnu99;
				GCC_DYNAMIC_NO_PIC = NO;
				GCC_OPTIMIZATION_LEVEL = 0;
				GCC_PREPROCESSOR_DEFINITIONS = (
					"DEBUG=1",
					"$(inherited)",
				);
				GCC_SYMBOLS_PRIVATE_EXTERN = NO;
				GCC_THUMB_SUPPORT = NO;
				GCC_VERSION = com.apple.compilers.llvm.clang.1_0;
				GCC_WARN_ABOUT_RETURN_TYPE = YES;
				GCC_WARN_UNINITIALIZED_AUTOS = YES;
				GCC_WARN_UNUSED_VARIABLE = YES;
				IPHONEOS_DEPLOYMENT_TARGET = 4.0;
				SDKROOT = iphoneos;
			};
			name = Debug;
		};
		FB7565131512D3C5007B806B /* Release */ = {
			isa = XCBuildConfiguration;
			buildSettings = {
				ALWAYS_SEARCH_USER_PATHS = NO;
				ARCHS = (
					"$(ARCHS_STANDARD_32_BIT)",
					armv6,
				);
				CLANG_ENABLE_OBJC_ARC = YES;
				COPY_PHASE_STRIP = YES;
				GCC_C_LANGUAGE_STANDARD = gnu99;
				GCC_THUMB_SUPPORT = NO;
				GCC_VERSION = com.apple.compilers.llvm.clang.1_0;
				GCC_WARN_ABOUT_RETURN_TYPE = YES;
				GCC_WARN_UNINITIALIZED_AUTOS = YES;
				GCC_WARN_UNUSED_VARIABLE = YES;
				IPHONEOS_DEPLOYMENT_TARGET = 4.0;
				SDKROOT = iphoneos;
				VALIDATE_PRODUCT = YES;
			};
			name = Release;
		};
		FB7565151512D3C5007B806B /* Debug */ = {
			isa = XCBuildConfiguration;
			buildSettings = {
				DSTROOT = /tmp/RNCryptor.dst;
				GCC_PRECOMPILE_PREFIX_HEADER = YES;
				GCC_PREFIX_HEADER = "RNCryptor/RNCryptor-Prefix.pch";
				GCC_THUMB_SUPPORT = NO;
				OTHER_LDFLAGS = "-ObjC";
				PRODUCT_NAME = RNCryptor;
				SKIP_INSTALL = YES;
			};
			name = Debug;
		};
		FB7565161512D3C5007B806B /* Release */ = {
			isa = XCBuildConfiguration;
			buildSettings = {
				DSTROOT = /tmp/RNCryptor.dst;
				GCC_PRECOMPILE_PREFIX_HEADER = YES;
				GCC_PREFIX_HEADER = "RNCryptor/RNCryptor-Prefix.pch";
				GCC_THUMB_SUPPORT = NO;
				OTHER_LDFLAGS = "-ObjC";
				PRODUCT_NAME = RNCryptor;
				SKIP_INSTALL = YES;
			};
			name = Release;
		};
		FB7565181512D3C5007B806B /* Debug */ = {
			isa = XCBuildConfiguration;
			buildSettings = {
				FRAMEWORK_SEARCH_PATHS = (
					"$(SDKROOT)/Developer/Library/Frameworks",
					"$(DEVELOPER_LIBRARY_DIR)/Frameworks",
				);
				GCC_PRECOMPILE_PREFIX_HEADER = YES;
				GCC_PREFIX_HEADER = "RNCryptor/RNCryptor-Prefix.pch";
				GCC_THUMB_SUPPORT = NO;
				INFOPLIST_FILE = "RNCryptorTests/RNCryptorTests-Info.plist";
				PRODUCT_NAME = RNCryptorTests;
				WRAPPER_EXTENSION = octest;
			};
			name = Debug;
		};
		FB7565191512D3C5007B806B /* Release */ = {
			isa = XCBuildConfiguration;
			buildSettings = {
				FRAMEWORK_SEARCH_PATHS = (
					"$(SDKROOT)/Developer/Library/Frameworks",
					"$(DEVELOPER_LIBRARY_DIR)/Frameworks",
				);
				GCC_PRECOMPILE_PREFIX_HEADER = YES;
				GCC_PREFIX_HEADER = "RNCryptor/RNCryptor-Prefix.pch";
				GCC_THUMB_SUPPORT = NO;
				INFOPLIST_FILE = "RNCryptorTests/RNCryptorTests-Info.plist";
				PRODUCT_NAME = RNCryptorTests;
				WRAPPER_EXTENSION = octest;
			};
			name = Release;
		};
/* End XCBuildConfiguration section */

/* Begin XCConfigurationList section */
		FB7564EA1512D3C4007B806B /* Build configuration list for PBXProject "RNCryptor" */ = {
			isa = XCConfigurationList;
			buildConfigurations = (
				FB7565121512D3C5007B806B /* Debug */,
				FB7565131512D3C5007B806B /* Release */,
			);
			defaultConfigurationIsVisible = 0;
			defaultConfigurationName = Release;
		};
		FB7565141512D3C5007B806B /* Build configuration list for PBXNativeTarget "RNCryptor" */ = {
			isa = XCConfigurationList;
			buildConfigurations = (
				FB7565151512D3C5007B806B /* Debug */,
				FB7565161512D3C5007B806B /* Release */,
			);
			defaultConfigurationIsVisible = 0;
			defaultConfigurationName = Release;
		};
		FB7565171512D3C5007B806B /* Build configuration list for PBXNativeTarget "RNCryptorTests" */ = {
			isa = XCConfigurationList;
			buildConfigurations = (
				FB7565181512D3C5007B806B /* Debug */,
				FB7565191512D3C5007B806B /* Release */,
			);
			defaultConfigurationIsVisible = 0;
			defaultConfigurationName = Release;
		};
/* End XCConfigurationList section */
	};
	rootObject = FB7564E71512D3C4007B806B /* Project object */;
}
